// !$*UTF8*$!
{
	archiveVersion = 1;
	classes = {
	};
	objectVersion = 46;
	objects = {

/* Begin PBXBuildFile section */
		7F2876531EAE5F360045F711 /* main.m in Sources */ = {isa = PBXBuildFile; fileRef = 7F2876521EAE5F360045F711 /* main.m */; };
		7F2876561EAE5F360045F711 /* AppDelegate.m in Sources */ = {isa = PBXBuildFile; fileRef = 7F2876551EAE5F360045F711 /* AppDelegate.m */; };
		7F2876591EAE5F360045F711 /* ViewController.m in Sources */ = {isa = PBXBuildFile; fileRef = 7F2876581EAE5F360045F711 /* ViewController.m */; };
		7F28765F1EAE5F360045F711 /* CoreDataHotel.xcdatamodeld in Sources */ = {isa = PBXBuildFile; fileRef = 7F28765D1EAE5F360045F711 /* CoreDataHotel.xcdatamodeld */; };
		7F2876611EAE5F360045F711 /* Assets.xcassets in Resources */ = {isa = PBXBuildFile; fileRef = 7F2876601EAE5F360045F711 /* Assets.xcassets */; };
		7F2876641EAE5F360045F711 /* LaunchScreen.storyboard in Resources */ = {isa = PBXBuildFile; fileRef = 7F2876621EAE5F360045F711 /* LaunchScreen.storyboard */; };
		7F28766D1EAE6D360045F711 /* AutoLayout.m in Sources */ = {isa = PBXBuildFile; fileRef = 7F28766C1EAE6D360045F711 /* AutoLayout.m */; };
		7F2876721EAE95EB0045F711 /* hotels.json in Resources */ = {isa = PBXBuildFile; fileRef = 7F2876711EAE95EB0045F711 /* hotels.json */; };
		7F2876751EAEA4850045F711 /* HotelsViewController.m in Sources */ = {isa = PBXBuildFile; fileRef = 7F2876741EAEA4850045F711 /* HotelsViewController.m */; };
		7F2876781EAEC6780045F711 /* RoomsViewController.m in Sources */ = {isa = PBXBuildFile; fileRef = 7F2876771EAEC6780045F711 /* RoomsViewController.m */; };
		7FC3D6681EAFBC9B005C429E /* DatePickerViewController.m in Sources */ = {isa = PBXBuildFile; fileRef = 7FC3D6671EAFBC9B005C429E /* DatePickerViewController.m */; };
		7FC3D66B1EAFCF91005C429E /* RoomAvailabilityViewController.m in Sources */ = {isa = PBXBuildFile; fileRef = 7FC3D66A1EAFCF91005C429E /* RoomAvailabilityViewController.m */; };
		7FC3D66E1EB01D35005C429E /* BookViewController.m in Sources */ = {isa = PBXBuildFile; fileRef = 7FC3D66D1EB01D35005C429E /* BookViewController.m */; };
		7FEB4C4B1EB1144C00CA82E2 /* AutoLayoutTests.m in Sources */ = {isa = PBXBuildFile; fileRef = 7FEB4C4A1EB1144C00CA82E2 /* AutoLayoutTests.m */; };
		7FEB4C4E1EB1604C00CA82E2 /* LookupReservationViewController.m in Sources */ = {isa = PBXBuildFile; fileRef = 7FEB4C4D1EB1604C00CA82E2 /* LookupReservationViewController.m */; };
		7FEB4C511EB2607500CA82E2 /* MappingModel1.0-1.1.xcmappingmodel in Sources */ = {isa = PBXBuildFile; fileRef = 7FEB4C501EB2607500CA82E2 /* MappingModel1.0-1.1.xcmappingmodel */; };
/* End PBXBuildFile section */

/* Begin PBXContainerItemProxy section */
		7FEB4C451EB111C900CA82E2 /* PBXContainerItemProxy */ = {
			isa = PBXContainerItemProxy;
			containerPortal = 7F2876461EAE5F360045F711 /* Project object */;
			proxyType = 1;
			remoteGlobalIDString = 7F28764D1EAE5F360045F711;
			remoteInfo = CoreDataHotel;
		};
/* End PBXContainerItemProxy section */

/* Begin PBXFileReference section */
		7F28764E1EAE5F360045F711 /* CoreDataHotel.app */ = {isa = PBXFileReference; explicitFileType = wrapper.application; includeInIndex = 0; path = CoreDataHotel.app; sourceTree = BUILT_PRODUCTS_DIR; };
		7F2876521EAE5F360045F711 /* main.m */ = {isa = PBXFileReference; lastKnownFileType = sourcecode.c.objc; path = main.m; sourceTree = "<group>"; };
		7F2876541EAE5F360045F711 /* AppDelegate.h */ = {isa = PBXFileReference; lastKnownFileType = sourcecode.c.h; path = AppDelegate.h; sourceTree = "<group>"; };
		7F2876551EAE5F360045F711 /* AppDelegate.m */ = {isa = PBXFileReference; lastKnownFileType = sourcecode.c.objc; path = AppDelegate.m; sourceTree = "<group>"; };
		7F2876571EAE5F360045F711 /* ViewController.h */ = {isa = PBXFileReference; lastKnownFileType = sourcecode.c.h; path = ViewController.h; sourceTree = "<group>"; };
		7F2876581EAE5F360045F711 /* ViewController.m */ = {isa = PBXFileReference; lastKnownFileType = sourcecode.c.objc; path = ViewController.m; sourceTree = "<group>"; };
		7F28765E1EAE5F360045F711 /* CoreDataHotel.xcdatamodel */ = {isa = PBXFileReference; lastKnownFileType = wrapper.xcdatamodel; path = CoreDataHotel.xcdatamodel; sourceTree = "<group>"; };
		7F2876601EAE5F360045F711 /* Assets.xcassets */ = {isa = PBXFileReference; lastKnownFileType = folder.assetcatalog; path = Assets.xcassets; sourceTree = "<group>"; };
		7F2876631EAE5F360045F711 /* Base */ = {isa = PBXFileReference; lastKnownFileType = file.storyboard; name = Base; path = Base.lproj/LaunchScreen.storyboard; sourceTree = "<group>"; };
		7F2876651EAE5F360045F711 /* Info.plist */ = {isa = PBXFileReference; lastKnownFileType = text.plist.xml; path = Info.plist; sourceTree = "<group>"; };
		7F28766B1EAE6D360045F711 /* AutoLayout.h */ = {isa = PBXFileReference; fileEncoding = 4; lastKnownFileType = sourcecode.c.h; path = AutoLayout.h; sourceTree = "<group>"; };
		7F28766C1EAE6D360045F711 /* AutoLayout.m */ = {isa = PBXFileReference; fileEncoding = 4; lastKnownFileType = sourcecode.c.objc; path = AutoLayout.m; sourceTree = "<group>"; };
		7F2876711EAE95EB0045F711 /* hotels.json */ = {isa = PBXFileReference; fileEncoding = 4; lastKnownFileType = text.json; path = hotels.json; sourceTree = "<group>"; };
		7F2876731EAEA4850045F711 /* HotelsViewController.h */ = {isa = PBXFileReference; fileEncoding = 4; lastKnownFileType = sourcecode.c.h; path = HotelsViewController.h; sourceTree = "<group>"; };
		7F2876741EAEA4850045F711 /* HotelsViewController.m */ = {isa = PBXFileReference; fileEncoding = 4; lastKnownFileType = sourcecode.c.objc; path = HotelsViewController.m; sourceTree = "<group>"; };
		7F2876761EAEC6780045F711 /* RoomsViewController.h */ = {isa = PBXFileReference; fileEncoding = 4; lastKnownFileType = sourcecode.c.h; path = RoomsViewController.h; sourceTree = "<group>"; };
		7F2876771EAEC6780045F711 /* RoomsViewController.m */ = {isa = PBXFileReference; fileEncoding = 4; lastKnownFileType = sourcecode.c.objc; path = RoomsViewController.m; sourceTree = "<group>"; };
		7FC3D6661EAFBC9B005C429E /* DatePickerViewController.h */ = {isa = PBXFileReference; fileEncoding = 4; lastKnownFileType = sourcecode.c.h; path = DatePickerViewController.h; sourceTree = "<group>"; };
		7FC3D6671EAFBC9B005C429E /* DatePickerViewController.m */ = {isa = PBXFileReference; fileEncoding = 4; lastKnownFileType = sourcecode.c.objc; path = DatePickerViewController.m; sourceTree = "<group>"; };
		7FC3D6691EAFCF91005C429E /* RoomAvailabilityViewController.h */ = {isa = PBXFileReference; fileEncoding = 4; lastKnownFileType = sourcecode.c.h; path = RoomAvailabilityViewController.h; sourceTree = "<group>"; };
		7FC3D66A1EAFCF91005C429E /* RoomAvailabilityViewController.m */ = {isa = PBXFileReference; fileEncoding = 4; lastKnownFileType = sourcecode.c.objc; path = RoomAvailabilityViewController.m; sourceTree = "<group>"; };
		7FC3D66C1EB01D35005C429E /* BookViewController.h */ = {isa = PBXFileReference; fileEncoding = 4; lastKnownFileType = sourcecode.c.h; path = BookViewController.h; sourceTree = "<group>"; };
		7FC3D66D1EB01D35005C429E /* BookViewController.m */ = {isa = PBXFileReference; fileEncoding = 4; lastKnownFileType = sourcecode.c.objc; path = BookViewController.m; sourceTree = "<group>"; };
		7FEB4C401EB111C900CA82E2 /* CoreDataHotelTests.xctest */ = {isa = PBXFileReference; explicitFileType = wrapper.cfbundle; includeInIndex = 0; path = CoreDataHotelTests.xctest; sourceTree = BUILT_PRODUCTS_DIR; };
		7FEB4C441EB111C900CA82E2 /* Info.plist */ = {isa = PBXFileReference; lastKnownFileType = text.plist.xml; path = Info.plist; sourceTree = "<group>"; };
		7FEB4C4A1EB1144C00CA82E2 /* AutoLayoutTests.m */ = {isa = PBXFileReference; fileEncoding = 4; lastKnownFileType = sourcecode.c.objc; path = AutoLayoutTests.m; sourceTree = "<group>"; };
		7FEB4C4C1EB1604C00CA82E2 /* LookupReservationViewController.h */ = {isa = PBXFileReference; fileEncoding = 4; lastKnownFileType = sourcecode.c.h; path = LookupReservationViewController.h; sourceTree = "<group>"; };
		7FEB4C4D1EB1604C00CA82E2 /* LookupReservationViewController.m */ = {isa = PBXFileReference; fileEncoding = 4; lastKnownFileType = sourcecode.c.objc; path = LookupReservationViewController.m; sourceTree = "<group>"; };
		7FEB4C4F1EB25DB600CA82E2 /* CoreDataHotel1.1.xcdatamodel */ = {isa = PBXFileReference; lastKnownFileType = wrapper.xcdatamodel; path = CoreDataHotel1.1.xcdatamodel; sourceTree = "<group>"; };
		7FEB4C501EB2607500CA82E2 /* MappingModel1.0-1.1.xcmappingmodel */ = {isa = PBXFileReference; lastKnownFileType = wrapper.xcmappingmodel; path = "MappingModel1.0-1.1.xcmappingmodel"; sourceTree = "<group>"; };
/* End PBXFileReference section */

/* Begin PBXFrameworksBuildPhase section */
		7F28764B1EAE5F360045F711 /* Frameworks */ = {
			isa = PBXFrameworksBuildPhase;
			buildActionMask = 2147483647;
			files = (
			);
			runOnlyForDeploymentPostprocessing = 0;
		};
		7FEB4C3D1EB111C900CA82E2 /* Frameworks */ = {
			isa = PBXFrameworksBuildPhase;
			buildActionMask = 2147483647;
			files = (
			);
			runOnlyForDeploymentPostprocessing = 0;
		};
/* End PBXFrameworksBuildPhase section */

/* Begin PBXGroup section */
		7F2876451EAE5F360045F711 = {
			isa = PBXGroup;
			children = (
				7F2876501EAE5F360045F711 /* CoreDataHotel */,
				7FEB4C411EB111C900CA82E2 /* CoreDataHotelTests */,
				7F28764F1EAE5F360045F711 /* Products */,
			);
			sourceTree = "<group>";
		};
		7F28764F1EAE5F360045F711 /* Products */ = {
			isa = PBXGroup;
			children = (
				7F28764E1EAE5F360045F711 /* CoreDataHotel.app */,
				7FEB4C401EB111C900CA82E2 /* CoreDataHotelTests.xctest */,
			);
			name = Products;
			sourceTree = "<group>";
		};
		7F2876501EAE5F360045F711 /* CoreDataHotel */ = {
			isa = PBXGroup;
			children = (
				7F2876701EAE6D650045F711 /* Controllers */,
				7F28766F1EAE6D5C0045F711 /* Views */,
				7F28766E1EAE6D430045F711 /* Models */,
				7F2876601EAE5F360045F711 /* Assets.xcassets */,
				7F2876621EAE5F360045F711 /* LaunchScreen.storyboard */,
				7F2876651EAE5F360045F711 /* Info.plist */,
				7F2876511EAE5F360045F711 /* Supporting Files */,
			);
			path = CoreDataHotel;
			sourceTree = "<group>";
		};
		7F2876511EAE5F360045F711 /* Supporting Files */ = {
			isa = PBXGroup;
			children = (
				7F2876521EAE5F360045F711 /* main.m */,
			);
			name = "Supporting Files";
			sourceTree = "<group>";
		};
		7F28766E1EAE6D430045F711 /* Models */ = {
			isa = PBXGroup;
			children = (
				7FEB4C501EB2607500CA82E2 /* MappingModel1.0-1.1.xcmappingmodel */,
				7F28765D1EAE5F360045F711 /* CoreDataHotel.xcdatamodeld */,
				7F2876711EAE95EB0045F711 /* hotels.json */,
				7F28766B1EAE6D360045F711 /* AutoLayout.h */,
				7F28766C1EAE6D360045F711 /* AutoLayout.m */,
			);
			name = Models;
			sourceTree = "<group>";
		};
		7F28766F1EAE6D5C0045F711 /* Views */ = {
			isa = PBXGroup;
			children = (
			);
			name = Views;
			sourceTree = "<group>";
		};
		7F2876701EAE6D650045F711 /* Controllers */ = {
			isa = PBXGroup;
			children = (
				7FC3D66C1EB01D35005C429E /* BookViewController.h */,
				7FC3D66D1EB01D35005C429E /* BookViewController.m */,
				7FC3D6661EAFBC9B005C429E /* DatePickerViewController.h */,
				7FC3D6671EAFBC9B005C429E /* DatePickerViewController.m */,
				7FC3D6691EAFCF91005C429E /* RoomAvailabilityViewController.h */,
				7FC3D66A1EAFCF91005C429E /* RoomAvailabilityViewController.m */,
				7F2876541EAE5F360045F711 /* AppDelegate.h */,
				7F2876551EAE5F360045F711 /* AppDelegate.m */,
				7F2876571EAE5F360045F711 /* ViewController.h */,
				7F2876581EAE5F360045F711 /* ViewController.m */,
				7F2876731EAEA4850045F711 /* HotelsViewController.h */,
				7F2876741EAEA4850045F711 /* HotelsViewController.m */,
				7F2876761EAEC6780045F711 /* RoomsViewController.h */,
				7F2876771EAEC6780045F711 /* RoomsViewController.m */,
				7FEB4C4C1EB1604C00CA82E2 /* LookupReservationViewController.h */,
				7FEB4C4D1EB1604C00CA82E2 /* LookupReservationViewController.m */,
			);
			name = Controllers;
			sourceTree = "<group>";
		};
		7FEB4C411EB111C900CA82E2 /* CoreDataHotelTests */ = {
			isa = PBXGroup;
			children = (
				7FEB4C441EB111C900CA82E2 /* Info.plist */,
				7FEB4C4A1EB1144C00CA82E2 /* AutoLayoutTests.m */,
			);
			path = CoreDataHotelTests;
			sourceTree = "<group>";
		};
/* End PBXGroup section */

/* Begin PBXNativeTarget section */
		7F28764D1EAE5F360045F711 /* CoreDataHotel */ = {
			isa = PBXNativeTarget;
			buildConfigurationList = 7F2876681EAE5F360045F711 /* Build configuration list for PBXNativeTarget "CoreDataHotel" */;
			buildPhases = (
				7F28764A1EAE5F360045F711 /* Sources */,
				7F28764B1EAE5F360045F711 /* Frameworks */,
				7F28764C1EAE5F360045F711 /* Resources */,
			);
			buildRules = (
			);
			dependencies = (
			);
			name = CoreDataHotel;
			productName = CoreDataHotel;
			productReference = 7F28764E1EAE5F360045F711 /* CoreDataHotel.app */;
			productType = "com.apple.product-type.application";
		};
		7FEB4C3F1EB111C900CA82E2 /* CoreDataHotelTests */ = {
			isa = PBXNativeTarget;
			buildConfigurationList = 7FEB4C491EB111C900CA82E2 /* Build configuration list for PBXNativeTarget "CoreDataHotelTests" */;
			buildPhases = (
				7FEB4C3C1EB111C900CA82E2 /* Sources */,
				7FEB4C3D1EB111C900CA82E2 /* Frameworks */,
				7FEB4C3E1EB111C900CA82E2 /* Resources */,
			);
			buildRules = (
			);
			dependencies = (
				7FEB4C461EB111C900CA82E2 /* PBXTargetDependency */,
			);
			name = CoreDataHotelTests;
			productName = CoreDataHotelTests;
			productReference = 7FEB4C401EB111C900CA82E2 /* CoreDataHotelTests.xctest */;
			productType = "com.apple.product-type.bundle.unit-test";
		};
/* End PBXNativeTarget section */

/* Begin PBXProject section */
		7F2876461EAE5F360045F711 /* Project object */ = {
			isa = PBXProject;
			attributes = {
				LastUpgradeCheck = 0830;
				ORGANIZATIONNAME = "A Cahn";
				TargetAttributes = {
					7F28764D1EAE5F360045F711 = {
						CreatedOnToolsVersion = 8.3;
						DevelopmentTeam = 2E5N5854VJ;
						ProvisioningStyle = Automatic;
					};
					7FEB4C3F1EB111C900CA82E2 = {
						CreatedOnToolsVersion = 8.3;
						DevelopmentTeam = 2E5N5854VJ;
						ProvisioningStyle = Automatic;
						TestTargetID = 7F28764D1EAE5F360045F711;
					};
				};
			};
			buildConfigurationList = 7F2876491EAE5F360045F711 /* Build configuration list for PBXProject "CoreDataHotel" */;
			compatibilityVersion = "Xcode 3.2";
			developmentRegion = English;
			hasScannedForEncodings = 0;
			knownRegions = (
				en,
				Base,
			);
			mainGroup = 7F2876451EAE5F360045F711;
			productRefGroup = 7F28764F1EAE5F360045F711 /* Products */;
			projectDirPath = "";
			projectRoot = "";
			targets = (
				7F28764D1EAE5F360045F711 /* CoreDataHotel */,
				7FEB4C3F1EB111C900CA82E2 /* CoreDataHotelTests */,
			);
		};
/* End PBXProject section */

/* Begin PBXResourcesBuildPhase section */
		7F28764C1EAE5F360045F711 /* Resources */ = {
			isa = PBXResourcesBuildPhase;
			buildActionMask = 2147483647;
			files = (
				7F2876721EAE95EB0045F711 /* hotels.json in Resources */,
				7F2876641EAE5F360045F711 /* LaunchScreen.storyboard in Resources */,
				7F2876611EAE5F360045F711 /* Assets.xcassets in Resources */,
			);
			runOnlyForDeploymentPostprocessing = 0;
		};
		7FEB4C3E1EB111C900CA82E2 /* Resources */ = {
			isa = PBXResourcesBuildPhase;
			buildActionMask = 2147483647;
			files = (
			);
			runOnlyForDeploymentPostprocessing = 0;
		};
/* End PBXResourcesBuildPhase section */

/* Begin PBXSourcesBuildPhase section */
		7F28764A1EAE5F360045F711 /* Sources */ = {
			isa = PBXSourcesBuildPhase;
			buildActionMask = 2147483647;
			files = (
				7FC3D6681EAFBC9B005C429E /* DatePickerViewController.m in Sources */,
				7F2876591EAE5F360045F711 /* ViewController.m in Sources */,
				7F28765F1EAE5F360045F711 /* CoreDataHotel.xcdatamodeld in Sources */,
				7F2876561EAE5F360045F711 /* AppDelegate.m in Sources */,
				7FEB4C4E1EB1604C00CA82E2 /* LookupReservationViewController.m in Sources */,
				7FC3D66B1EAFCF91005C429E /* RoomAvailabilityViewController.m in Sources */,
				7FC3D66E1EB01D35005C429E /* BookViewController.m in Sources */,
				7F2876751EAEA4850045F711 /* HotelsViewController.m in Sources */,
				7F2876781EAEC6780045F711 /* RoomsViewController.m in Sources */,
				7FEB4C511EB2607500CA82E2 /* MappingModel1.0-1.1.xcmappingmodel in Sources */,
				7F2876531EAE5F360045F711 /* main.m in Sources */,
				7F28766D1EAE6D360045F711 /* AutoLayout.m in Sources */,
			);
			runOnlyForDeploymentPostprocessing = 0;
		};
		7FEB4C3C1EB111C900CA82E2 /* Sources */ = {
			isa = PBXSourcesBuildPhase;
			buildActionMask = 2147483647;
			files = (
				7FEB4C4B1EB1144C00CA82E2 /* AutoLayoutTests.m in Sources */,
			);
			runOnlyForDeploymentPostprocessing = 0;
		};
/* End PBXSourcesBuildPhase section */

/* Begin PBXTargetDependency section */
		7FEB4C461EB111C900CA82E2 /* PBXTargetDependency */ = {
			isa = PBXTargetDependency;
			target = 7F28764D1EAE5F360045F711 /* CoreDataHotel */;
			targetProxy = 7FEB4C451EB111C900CA82E2 /* PBXContainerItemProxy */;
		};
/* End PBXTargetDependency section */

/* Begin PBXVariantGroup section */
		7F2876621EAE5F360045F711 /* LaunchScreen.storyboard */ = {
			isa = PBXVariantGroup;
			children = (
				7F2876631EAE5F360045F711 /* Base */,
			);
			name = LaunchScreen.storyboard;
			sourceTree = "<group>";
		};
/* End PBXVariantGroup section */

/* Begin XCBuildConfiguration section */
		7F2876661EAE5F360045F711 /* Debug */ = {
			isa = XCBuildConfiguration;
			buildSettings = {
				ALWAYS_SEARCH_USER_PATHS = NO;
				CLANG_ANALYZER_NONNULL = YES;
				CLANG_ANALYZER_NUMBER_OBJECT_CONVERSION = YES_AGGRESSIVE;
				CLANG_CXX_LANGUAGE_STANDARD = "gnu++0x";
				CLANG_CXX_LIBRARY = "libc++";
				CLANG_ENABLE_MODULES = YES;
				CLANG_ENABLE_OBJC_ARC = YES;
				CLANG_WARN_BOOL_CONVERSION = YES;
				CLANG_WARN_CONSTANT_CONVERSION = YES;
				CLANG_WARN_DIRECT_OBJC_ISA_USAGE = YES_ERROR;
				CLANG_WARN_DOCUMENTATION_COMMENTS = YES;
				CLANG_WARN_EMPTY_BODY = YES;
				CLANG_WARN_ENUM_CONVERSION = YES;
				CLANG_WARN_INFINITE_RECURSION = YES;
				CLANG_WARN_INT_CONVERSION = YES;
				CLANG_WARN_OBJC_ROOT_CLASS = YES_ERROR;
				CLANG_WARN_SUSPICIOUS_MOVE = YES;
				CLANG_WARN_UNREACHABLE_CODE = YES;
				CLANG_WARN__DUPLICATE_METHOD_MATCH = YES;
				"CODE_SIGN_IDENTITY[sdk=iphoneos*]" = "iPhone Developer";
				COPY_PHASE_STRIP = NO;
				DEBUG_INFORMATION_FORMAT = dwarf;
				ENABLE_STRICT_OBJC_MSGSEND = YES;
				ENABLE_TESTABILITY = YES;
				GCC_C_LANGUAGE_STANDARD = gnu99;
				GCC_DYNAMIC_NO_PIC = NO;
				GCC_NO_COMMON_BLOCKS = YES;
				GCC_OPTIMIZATION_LEVEL = 0;
				GCC_PREPROCESSOR_DEFINITIONS = (
					"DEBUG=1",
					"$(inherited)",
				);
				GCC_WARN_64_TO_32_BIT_CONVERSION = YES;
				GCC_WARN_ABOUT_RETURN_TYPE = YES_ERROR;
				GCC_WARN_UNDECLARED_SELECTOR = YES;
				GCC_WARN_UNINITIALIZED_AUTOS = YES_AGGRESSIVE;
				GCC_WARN_UNUSED_FUNCTION = YES;
				GCC_WARN_UNUSED_VARIABLE = YES;
				IPHONEOS_DEPLOYMENT_TARGET = 10.3;
				MTL_ENABLE_DEBUG_INFO = YES;
				ONLY_ACTIVE_ARCH = YES;
				SDKROOT = iphoneos;
				TARGETED_DEVICE_FAMILY = "1,2";
			};
			name = Debug;
		};
		7F2876671EAE5F360045F711 /* Release */ = {
			isa = XCBuildConfiguration;
			buildSettings = {
				ALWAYS_SEARCH_USER_PATHS = NO;
				CLANG_ANALYZER_NONNULL = YES;
				CLANG_ANALYZER_NUMBER_OBJECT_CONVERSION = YES_AGGRESSIVE;
				CLANG_CXX_LANGUAGE_STANDARD = "gnu++0x";
				CLANG_CXX_LIBRARY = "libc++";
				CLANG_ENABLE_MODULES = YES;
				CLANG_ENABLE_OBJC_ARC = YES;
				CLANG_WARN_BOOL_CONVERSION = YES;
				CLANG_WARN_CONSTANT_CONVERSION = YES;
				CLANG_WARN_DIRECT_OBJC_ISA_USAGE = YES_ERROR;
				CLANG_WARN_DOCUMENTATION_COMMENTS = YES;
				CLANG_WARN_EMPTY_BODY = YES;
				CLANG_WARN_ENUM_CONVERSION = YES;
				CLANG_WARN_INFINITE_RECURSION = YES;
				CLANG_WARN_INT_CONVERSION = YES;
				CLANG_WARN_OBJC_ROOT_CLASS = YES_ERROR;
				CLANG_WARN_SUSPICIOUS_MOVE = YES;
				CLANG_WARN_UNREACHABLE_CODE = YES;
				CLANG_WARN__DUPLICATE_METHOD_MATCH = YES;
				"CODE_SIGN_IDENTITY[sdk=iphoneos*]" = "iPhone Developer";
				COPY_PHASE_STRIP = NO;
				DEBUG_INFORMATION_FORMAT = "dwarf-with-dsym";
				ENABLE_NS_ASSERTIONS = NO;
				ENABLE_STRICT_OBJC_MSGSEND = YES;
				GCC_C_LANGUAGE_STANDARD = gnu99;
				GCC_NO_COMMON_BLOCKS = YES;
				GCC_WARN_64_TO_32_BIT_CONVERSION = YES;
				GCC_WARN_ABOUT_RETURN_TYPE = YES_ERROR;
				GCC_WARN_UNDECLARED_SELECTOR = YES;
				GCC_WARN_UNINITIALIZED_AUTOS = YES_AGGRESSIVE;
				GCC_WARN_UNUSED_FUNCTION = YES;
				GCC_WARN_UNUSED_VARIABLE = YES;
				IPHONEOS_DEPLOYMENT_TARGET = 10.3;
				MTL_ENABLE_DEBUG_INFO = NO;
				SDKROOT = iphoneos;
				TARGETED_DEVICE_FAMILY = "1,2";
				VALIDATE_PRODUCT = YES;
			};
			name = Release;
		};
		7F2876691EAE5F360045F711 /* Debug */ = {
			isa = XCBuildConfiguration;
			buildSettings = {
				ASSETCATALOG_COMPILER_APPICON_NAME = AppIcon;
				DEVELOPMENT_TEAM = 2E5N5854VJ;
				INFOPLIST_FILE = CoreDataHotel/Info.plist;
				LD_RUNPATH_SEARCH_PATHS = "$(inherited) @executable_path/Frameworks";
				PRODUCT_BUNDLE_IDENTIFIER = com.alexcahn.CoreDataHotel;
				PRODUCT_NAME = "$(TARGET_NAME)";
			};
			name = Debug;
		};
		7F28766A1EAE5F360045F711 /* Release */ = {
			isa = XCBuildConfiguration;
			buildSettings = {
				ASSETCATALOG_COMPILER_APPICON_NAME = AppIcon;
				DEVELOPMENT_TEAM = 2E5N5854VJ;
				INFOPLIST_FILE = CoreDataHotel/Info.plist;
				LD_RUNPATH_SEARCH_PATHS = "$(inherited) @executable_path/Frameworks";
				PRODUCT_BUNDLE_IDENTIFIER = com.alexcahn.CoreDataHotel;
				PRODUCT_NAME = "$(TARGET_NAME)";
			};
			name = Release;
		};
		7FEB4C471EB111C900CA82E2 /* Debug */ = {
			isa = XCBuildConfiguration;
			buildSettings = {
				BUNDLE_LOADER = "$(TEST_HOST)";
				DEVELOPMENT_TEAM = 2E5N5854VJ;
				INFOPLIST_FILE = CoreDataHotelTests/Info.plist;
				LD_RUNPATH_SEARCH_PATHS = "$(inherited) @executable_path/Frameworks @loader_path/Frameworks";
				PRODUCT_BUNDLE_IDENTIFIER = com.alexcahn.CoreDataHotelTests;
				PRODUCT_NAME = "$(TARGET_NAME)";
				TEST_HOST = "$(BUILT_PRODUCTS_DIR)/CoreDataHotel.app/CoreDataHotel";
			};
			name = Debug;
		};
		7FEB4C481EB111C900CA82E2 /* Release */ = {
			isa = XCBuildConfiguration;
			buildSettings = {
				BUNDLE_LOADER = "$(TEST_HOST)";
				DEVELOPMENT_TEAM = 2E5N5854VJ;
				INFOPLIST_FILE = CoreDataHotelTests/Info.plist;
				LD_RUNPATH_SEARCH_PATHS = "$(inherited) @executable_path/Frameworks @loader_path/Frameworks";
				PRODUCT_BUNDLE_IDENTIFIER = com.alexcahn.CoreDataHotelTests;
				PRODUCT_NAME = "$(TARGET_NAME)";
				TEST_HOST = "$(BUILT_PRODUCTS_DIR)/CoreDataHotel.app/CoreDataHotel";
			};
			name = Release;
		};
/* End XCBuildConfiguration section */

/* Begin XCConfigurationList section */
		7F2876491EAE5F360045F711 /* Build configuration list for PBXProject "CoreDataHotel" */ = {
			isa = XCConfigurationList;
			buildConfigurations = (
				7F2876661EAE5F360045F711 /* Debug */,
				7F2876671EAE5F360045F711 /* Release */,
			);
			defaultConfigurationIsVisible = 0;
			defaultConfigurationName = Release;
		};
		7F2876681EAE5F360045F711 /* Build configuration list for PBXNativeTarget "CoreDataHotel" */ = {
			isa = XCConfigurationList;
			buildConfigurations = (
				7F2876691EAE5F360045F711 /* Debug */,
				7F28766A1EAE5F360045F711 /* Release */,
			);
			defaultConfigurationIsVisible = 0;
			defaultConfigurationName = Release;
		};
		7FEB4C491EB111C900CA82E2 /* Build configuration list for PBXNativeTarget "CoreDataHotelTests" */ = {
			isa = XCConfigurationList;
			buildConfigurations = (
				7FEB4C471EB111C900CA82E2 /* Debug */,
				7FEB4C481EB111C900CA82E2 /* Release */,
			);
			defaultConfigurationIsVisible = 0;
		};
/* End XCConfigurationList section */

/* Begin XCVersionGroup section */
		7F28765D1EAE5F360045F711 /* CoreDataHotel.xcdatamodeld */ = {
			isa = XCVersionGroup;
			children = (
				7FEB4C4F1EB25DB600CA82E2 /* CoreDataHotel1.1.xcdatamodel */,
				7F28765E1EAE5F360045F711 /* CoreDataHotel.xcdatamodel */,
			);
			currentVersion = 7FEB4C4F1EB25DB600CA82E2 /* CoreDataHotel1.1.xcdatamodel */;
			path = CoreDataHotel.xcdatamodeld;
			sourceTree = "<group>";
			versionGroupType = wrapper.xcdatamodel;
		};
/* End XCVersionGroup section */
	};
	rootObject = 7F2876461EAE5F360045F711 /* Project object */;
}
